
Microsoft Visual Studio Solution File, Format Version 12.00
# Visual Studio Version 16
VisualStudioVersion = 16.0.29509.3
MinimumVisualStudioVersion = 10.0.40219.1
Project("{FAE04EC0-301F-11D3-BF4B-00C04F79EFBC}") = "WaveMaker", "WaveMaker\WaveMaker.csproj", "{4584443B-0BE5-46DE-8C81-ED80AC79E22E}"
EndProject
Global
	GlobalSection(SolutionConfigurationPlatforms) = preSolution
		Debug|Any CPU = Debug|Any CPU
		Release|Any CPU = Release|Any CPU
	EndGlobalSection
	GlobalSection(ProjectConfigurationPlatforms) = postSolution
		{4584443B-0BE5-46DE-8C81-ED80AC79E22E}.Debug|Any CPU.ActiveCfg = Debug|Any CPU
		{4584443B-0BE5-46DE-8C81-ED80AC79E22E}.Debug|Any CPU.Build.0 = Debug|Any CPU
		{4584443B-0BE5-46DE-8C81-ED80AC79E22E}.Release|Any CPU.ActiveCfg = Release|Any CPU
		{4584443B-0BE5-46DE-8C81-ED80AC79E22E}.Release|Any CPU.Build.0 = Release|Any CPU
	EndGlobalSection
	GlobalSection(SolutionProperties) = preSolution
		HideSolutionNode = FALSE
	EndGlobalSection
	GlobalSection(ExtensibilityGlobals) = postSolution
		SolutionGuid = {AE647DCD-A75E-4C46-9144-4AE51F4588B4}
	EndGlobalSection
EndGlobal
